// !$*UTF8*$!
{
	archiveVersion = 1;
	classes = {
	};
	objectVersion = 46;
	objects = {

/* Begin PBXBuildFile section */
		26232DC71AF1D9AC00F6888E /* TweetDetailTableViewController.swift in Sources */ = {isa = PBXBuildFile; fileRef = 26232DC61AF1D9AC00F6888E /* TweetDetailTableViewController.swift */; };
		2657E9F21AF5D05E008F92CE /* TweetImageTableViewCell.swift in Sources */ = {isa = PBXBuildFile; fileRef = 2657E9F11AF5D05E008F92CE /* TweetImageTableViewCell.swift */; };
		268047E01AF08E4C00271FA6 /* AppDelegate.swift in Sources */ = {isa = PBXBuildFile; fileRef = 268047DF1AF08E4C00271FA6 /* AppDelegate.swift */; };
		268047E71AF08E4D00271FA6 /* Images.xcassets in Resources */ = {isa = PBXBuildFile; fileRef = 268047E61AF08E4D00271FA6 /* Images.xcassets */; };
		268047EA1AF08E4D00271FA6 /* LaunchScreen.xib in Resources */ = {isa = PBXBuildFile; fileRef = 268047E81AF08E4D00271FA6 /* LaunchScreen.xib */; };
		268047F61AF08E4D00271FA6 /* SmashtagTests.swift in Sources */ = {isa = PBXBuildFile; fileRef = 268047F51AF08E4D00271FA6 /* SmashtagTests.swift */; };
		268048001AF08EC700271FA6 /* TweetTableViewController.swift in Sources */ = {isa = PBXBuildFile; fileRef = 268047FF1AF08EC700271FA6 /* TweetTableViewController.swift */; };
		2680480B1AF0922100271FA6 /* TweetTableViewCell.swift in Sources */ = {isa = PBXBuildFile; fileRef = 2680480A1AF0922100271FA6 /* TweetTableViewCell.swift */; };
		2680480D1AF0926800271FA6 /* Main.storyboard in Resources */ = {isa = PBXBuildFile; fileRef = 2680480C1AF0926800271FA6 /* Main.storyboard */; };
		268048121AF095B600271FA6 /* MediaItem.swift in Sources */ = {isa = PBXBuildFile; fileRef = 2680480E1AF095B600271FA6 /* MediaItem.swift */; };
		268048131AF095B600271FA6 /* Tweet.swift in Sources */ = {isa = PBXBuildFile; fileRef = 2680480F1AF095B600271FA6 /* Tweet.swift */; };
		268048141AF095B600271FA6 /* TwitterRequest.swift in Sources */ = {isa = PBXBuildFile; fileRef = 268048101AF095B600271FA6 /* TwitterRequest.swift */; };
		268048151AF095B600271FA6 /* User.swift in Sources */ = {isa = PBXBuildFile; fileRef = 268048111AF095B600271FA6 /* User.swift */; };
/* End PBXBuildFile section */

/* Begin PBXContainerItemProxy section */
		268047F01AF08E4D00271FA6 /* PBXContainerItemProxy */ = {
			isa = PBXContainerItemProxy;
			containerPortal = 268047D21AF08E4C00271FA6 /* Project object */;
			proxyType = 1;
			remoteGlobalIDString = 268047D91AF08E4C00271FA6;
			remoteInfo = Smashtag;
		};
/* End PBXContainerItemProxy section */

/* Begin PBXFileReference section */
		26232DC61AF1D9AC00F6888E /* TweetDetailTableViewController.swift */ = {isa = PBXFileReference; fileEncoding = 4; lastKnownFileType = sourcecode.swift; path = TweetDetailTableViewController.swift; sourceTree = "<group>"; };
		2657E9F11AF5D05E008F92CE /* TweetImageTableViewCell.swift */ = {isa = PBXFileReference; fileEncoding = 4; lastKnownFileType = sourcecode.swift; path = TweetImageTableViewCell.swift; sourceTree = "<group>"; };
		268047DA1AF08E4C00271FA6 /* Smashtag.app */ = {isa = PBXFileReference; explicitFileType = wrapper.application; includeInIndex = 0; path = Smashtag.app; sourceTree = BUILT_PRODUCTS_DIR; };
		268047DE1AF08E4C00271FA6 /* Info.plist */ = {isa = PBXFileReference; lastKnownFileType = text.plist.xml; path = Info.plist; sourceTree = "<group>"; };
		268047DF1AF08E4C00271FA6 /* AppDelegate.swift */ = {isa = PBXFileReference; lastKnownFileType = sourcecode.swift; path = AppDelegate.swift; sourceTree = "<group>"; };
		268047E61AF08E4D00271FA6 /* Images.xcassets */ = {isa = PBXFileReference; lastKnownFileType = folder.assetcatalog; path = Images.xcassets; sourceTree = "<group>"; };
		268047E91AF08E4D00271FA6 /* Base */ = {isa = PBXFileReference; lastKnownFileType = file.xib; name = Base; path = Base.lproj/LaunchScreen.xib; sourceTree = "<group>"; };
		268047EF1AF08E4D00271FA6 /* SmashtagTests.xctest */ = {isa = PBXFileReference; explicitFileType = wrapper.cfbundle; includeInIndex = 0; path = SmashtagTests.xctest; sourceTree = BUILT_PRODUCTS_DIR; };
		268047F41AF08E4D00271FA6 /* Info.plist */ = {isa = PBXFileReference; lastKnownFileType = text.plist.xml; path = Info.plist; sourceTree = "<group>"; };
		268047F51AF08E4D00271FA6 /* SmashtagTests.swift */ = {isa = PBXFileReference; lastKnownFileType = sourcecode.swift; path = SmashtagTests.swift; sourceTree = "<group>"; };
		268047FF1AF08EC700271FA6 /* TweetTableViewController.swift */ = {isa = PBXFileReference; fileEncoding = 4; lastKnownFileType = sourcecode.swift; path = TweetTableViewController.swift; sourceTree = "<group>"; };
		2680480A1AF0922100271FA6 /* TweetTableViewCell.swift */ = {isa = PBXFileReference; fileEncoding = 4; lastKnownFileType = sourcecode.swift; path = TweetTableViewCell.swift; sourceTree = "<group>"; };
		2680480C1AF0926800271FA6 /* Main.storyboard */ = {isa = PBXFileReference; fileEncoding = 4; lastKnownFileType = file.storyboard; name = Main.storyboard; path = Twitter/Main.storyboard; sourceTree = "<group>"; };
		2680480E1AF095B600271FA6 /* MediaItem.swift */ = {isa = PBXFileReference; fileEncoding = 4; lastKnownFileType = sourcecode.swift; path = MediaItem.swift; sourceTree = "<group>"; };
		2680480F1AF095B600271FA6 /* Tweet.swift */ = {isa = PBXFileReference; fileEncoding = 4; lastKnownFileType = sourcecode.swift; path = Tweet.swift; sourceTree = "<group>"; };
		268048101AF095B600271FA6 /* TwitterRequest.swift */ = {isa = PBXFileReference; fileEncoding = 4; lastKnownFileType = sourcecode.swift; path = TwitterRequest.swift; sourceTree = "<group>"; };
		268048111AF095B600271FA6 /* User.swift */ = {isa = PBXFileReference; fileEncoding = 4; lastKnownFileType = sourcecode.swift; path = User.swift; sourceTree = "<group>"; };
/* End PBXFileReference section */

/* Begin PBXFrameworksBuildPhase section */
		268047D71AF08E4C00271FA6 /* Frameworks */ = {
			isa = PBXFrameworksBuildPhase;
			buildActionMask = 2147483647;
			files = (
			);
			runOnlyForDeploymentPostprocessing = 0;
		};
		268047EC1AF08E4D00271FA6 /* Frameworks */ = {
			isa = PBXFrameworksBuildPhase;
			buildActionMask = 2147483647;
			files = (
			);
			runOnlyForDeploymentPostprocessing = 0;
		};
/* End PBXFrameworksBuildPhase section */

/* Begin PBXGroup section */
		268047D11AF08E4B00271FA6 = {
			isa = PBXGroup;
			children = (
				268047DC1AF08E4C00271FA6 /* Smashtag */,
				268047F21AF08E4D00271FA6 /* SmashtagTests */,
				268047DB1AF08E4C00271FA6 /* Products */,
			);
			sourceTree = "<group>";
		};
		268047DB1AF08E4C00271FA6 /* Products */ = {
			isa = PBXGroup;
			children = (
				268047DA1AF08E4C00271FA6 /* Smashtag.app */,
				268047EF1AF08E4D00271FA6 /* SmashtagTests.xctest */,
			);
			name = Products;
			sourceTree = "<group>";
		};
		268047DC1AF08E4C00271FA6 /* Smashtag */ = {
			isa = PBXGroup;
			children = (
				2680480C1AF0926800271FA6 /* Main.storyboard */,
				268047FF1AF08EC700271FA6 /* TweetTableViewController.swift */,
				26232DC61AF1D9AC00F6888E /* TweetDetailTableViewController.swift */,
				2680480A1AF0922100271FA6 /* TweetTableViewCell.swift */,
				268048011AF0917600271FA6 /* Twitter */,
				268047DD1AF08E4C00271FA6 /* Supporting Files */,
				2657E9F11AF5D05E008F92CE /* TweetImageTableViewCell.swift */,
			);
			path = Smashtag;
			sourceTree = "<group>";
		};
		268047DD1AF08E4C00271FA6 /* Supporting Files */ = {
			isa = PBXGroup;
			children = (
				268047E61AF08E4D00271FA6 /* Images.xcassets */,
				268047E81AF08E4D00271FA6 /* LaunchScreen.xib */,
				268047DF1AF08E4C00271FA6 /* AppDelegate.swift */,
				268047DE1AF08E4C00271FA6 /* Info.plist */,
			);
			name = "Supporting Files";
			sourceTree = "<group>";
		};
		268047F21AF08E4D00271FA6 /* SmashtagTests */ = {
			isa = PBXGroup;
			children = (
				268047F51AF08E4D00271FA6 /* SmashtagTests.swift */,
				268047F31AF08E4D00271FA6 /* Supporting Files */,
			);
			path = SmashtagTests;
			sourceTree = "<group>";
		};
		268047F31AF08E4D00271FA6 /* Supporting Files */ = {
			isa = PBXGroup;
			children = (
				268047F41AF08E4D00271FA6 /* Info.plist */,
			);
			name = "Supporting Files";
			sourceTree = "<group>";
		};
		268048011AF0917600271FA6 /* Twitter */ = {
			isa = PBXGroup;
			children = (
				2680480E1AF095B600271FA6 /* MediaItem.swift */,
				2680480F1AF095B600271FA6 /* Tweet.swift */,
				268048101AF095B600271FA6 /* TwitterRequest.swift */,
				268048111AF095B600271FA6 /* User.swift */,
			);
			path = Twitter;
			sourceTree = "<group>";
		};
/* End PBXGroup section */

/* Begin PBXNativeTarget section */
		268047D91AF08E4C00271FA6 /* Smashtag */ = {
			isa = PBXNativeTarget;
			buildConfigurationList = 268047F91AF08E4D00271FA6 /* Build configuration list for PBXNativeTarget "Smashtag" */;
			buildPhases = (
				268047D61AF08E4C00271FA6 /* Sources */,
				268047D71AF08E4C00271FA6 /* Frameworks */,
				268047D81AF08E4C00271FA6 /* Resources */,
			);
			buildRules = (
			);
			dependencies = (
			);
			name = Smashtag;
			productName = Smashtag;
			productReference = 268047DA1AF08E4C00271FA6 /* Smashtag.app */;
			productType = "com.apple.product-type.application";
		};
		268047EE1AF08E4D00271FA6 /* SmashtagTests */ = {
			isa = PBXNativeTarget;
			buildConfigurationList = 268047FC1AF08E4D00271FA6 /* Build configuration list for PBXNativeTarget "SmashtagTests" */;
			buildPhases = (
				268047EB1AF08E4D00271FA6 /* Sources */,
				268047EC1AF08E4D00271FA6 /* Frameworks */,
				268047ED1AF08E4D00271FA6 /* Resources */,
			);
			buildRules = (
			);
			dependencies = (
				268047F11AF08E4D00271FA6 /* PBXTargetDependency */,
			);
			name = SmashtagTests;
			productName = SmashtagTests;
			productReference = 268047EF1AF08E4D00271FA6 /* SmashtagTests.xctest */;
			productType = "com.apple.product-type.bundle.unit-test";
		};
/* End PBXNativeTarget section */

/* Begin PBXProject section */
		268047D21AF08E4C00271FA6 /* Project object */ = {
			isa = PBXProject;
			attributes = {
				LastUpgradeCheck = 0630;
				ORGANIZATIONNAME = "Mikael Dunhem";
				TargetAttributes = {
					268047D91AF08E4C00271FA6 = {
						CreatedOnToolsVersion = 6.3.1;
					};
					268047EE1AF08E4D00271FA6 = {
						CreatedOnToolsVersion = 6.3.1;
						TestTargetID = 268047D91AF08E4C00271FA6;
					};
				};
			};
			buildConfigurationList = 268047D51AF08E4C00271FA6 /* Build configuration list for PBXProject "Smashtag" */;
			compatibilityVersion = "Xcode 3.2";
			developmentRegion = English;
			hasScannedForEncodings = 0;
			knownRegions = (
				en,
				Base,
			);
			mainGroup = 268047D11AF08E4B00271FA6;
			productRefGroup = 268047DB1AF08E4C00271FA6 /* Products */;
			projectDirPath = "";
			projectRoot = "";
			targets = (
				268047D91AF08E4C00271FA6 /* Smashtag */,
				268047EE1AF08E4D00271FA6 /* SmashtagTests */,
			);
		};
/* End PBXProject section */

/* Begin PBXResourcesBuildPhase section */
		268047D81AF08E4C00271FA6 /* Resources */ = {
			isa = PBXResourcesBuildPhase;
			buildActionMask = 2147483647;
			files = (
				2680480D1AF0926800271FA6 /* Main.storyboard in Resources */,
				268047EA1AF08E4D00271FA6 /* LaunchScreen.xib in Resources */,
				268047E71AF08E4D00271FA6 /* Images.xcassets in Resources */,
			);
			runOnlyForDeploymentPostprocessing = 0;
		};
		268047ED1AF08E4D00271FA6 /* Resources */ = {
			isa = PBXResourcesBuildPhase;
			buildActionMask = 2147483647;
			files = (
			);
			runOnlyForDeploymentPostprocessing = 0;
		};
/* End PBXResourcesBuildPhase section */

/* Begin PBXSourcesBuildPhase section */
		268047D61AF08E4C00271FA6 /* Sources */ = {
			isa = PBXSourcesBuildPhase;
			buildActionMask = 2147483647;
			files = (
				268047E01AF08E4C00271FA6 /* AppDelegate.swift in Sources */,
				2657E9F21AF5D05E008F92CE /* TweetImageTableViewCell.swift in Sources */,
				268048131AF095B600271FA6 /* Tweet.swift in Sources */,
				26232DC71AF1D9AC00F6888E /* TweetDetailTableViewController.swift in Sources */,
				268048121AF095B600271FA6 /* MediaItem.swift in Sources */,
				268048001AF08EC700271FA6 /* TweetTableViewController.swift in Sources */,
				2680480B1AF0922100271FA6 /* TweetTableViewCell.swift in Sources */,
				268048141AF095B600271FA6 /* TwitterRequest.swift in Sources */,
				268048151AF095B600271FA6 /* User.swift in Sources */,
			);
			runOnlyForDeploymentPostprocessing = 0;
		};
		268047EB1AF08E4D00271FA6 /* Sources */ = {
			isa = PBXSourcesBuildPhase;
			buildActionMask = 2147483647;
			files = (
				268047F61AF08E4D00271FA6 /* SmashtagTests.swift in Sources */,
			);
			runOnlyForDeploymentPostprocessing = 0;
		};
/* End PBXSourcesBuildPhase section */

/* Begin PBXTargetDependency section */
		268047F11AF08E4D00271FA6 /* PBXTargetDependency */ = {
			isa = PBXTargetDependency;
			target = 268047D91AF08E4C00271FA6 /* Smashtag */;
			targetProxy = 268047F01AF08E4D00271FA6 /* PBXContainerItemProxy */;
		};
/* End PBXTargetDependency section */

/* Begin PBXVariantGroup section */
		268047E81AF08E4D00271FA6 /* LaunchScreen.xib */ = {
			isa = PBXVariantGroup;
			children = (
				268047E91AF08E4D00271FA6 /* Base */,
			);
			name = LaunchScreen.xib;
			sourceTree = "<group>";
		};
/* End PBXVariantGroup section */

/* Begin XCBuildConfiguration section */
		268047F71AF08E4D00271FA6 /* Debug */ = {
			isa = XCBuildConfiguration;
			buildSettings = {
				ALWAYS_SEARCH_USER_PATHS = NO;
				CLANG_CXX_LANGUAGE_STANDARD = "gnu++0x";
				CLANG_CXX_LIBRARY = "libc++";
				CLANG_ENABLE_MODULES = YES;
				CLANG_ENABLE_OBJC_ARC = YES;
				CLANG_WARN_BOOL_CONVERSION = YES;
				CLANG_WARN_CONSTANT_CONVERSION = YES;
				CLANG_WARN_DIRECT_OBJC_ISA_USAGE = YES_ERROR;
				CLANG_WARN_EMPTY_BODY = YES;
				CLANG_WARN_ENUM_CONVERSION = YES;
				CLANG_WARN_INT_CONVERSION = YES;
				CLANG_WARN_OBJC_ROOT_CLASS = YES_ERROR;
				CLANG_WARN_UNREACHABLE_CODE = YES;
				CLANG_WARN__DUPLICATE_METHOD_MATCH = YES;
				"CODE_SIGN_IDENTITY[sdk=iphoneos*]" = "iPhone Developer";
				COPY_PHASE_STRIP = NO;
				DEBUG_INFORMATION_FORMAT = "dwarf-with-dsym";
				ENABLE_STRICT_OBJC_MSGSEND = YES;
				GCC_C_LANGUAGE_STANDARD = gnu99;
				GCC_DYNAMIC_NO_PIC = NO;
				GCC_NO_COMMON_BLOCKS = YES;
				GCC_OPTIMIZATION_LEVEL = 0;
				GCC_PREPROCESSOR_DEFINITIONS = (
					"DEBUG=1",
					"$(inherited)",
				);
				GCC_SYMBOLS_PRIVATE_EXTERN = NO;
				GCC_WARN_64_TO_32_BIT_CONVERSION = YES;
				GCC_WARN_ABOUT_RETURN_TYPE = YES_ERROR;
				GCC_WARN_UNDECLARED_SELECTOR = YES;
				GCC_WARN_UNINITIALIZED_AUTOS = YES_AGGRESSIVE;
				GCC_WARN_UNUSED_FUNCTION = YES;
				GCC_WARN_UNUSED_VARIABLE = YES;
				IPHONEOS_DEPLOYMENT_TARGET = 8.3;
				MTL_ENABLE_DEBUG_INFO = YES;
				ONLY_ACTIVE_ARCH = YES;
				SDKROOT = iphoneos;
				SWIFT_OPTIMIZATION_LEVEL = "-Onone";
				TARGETED_DEVICE_FAMILY = "1,2";
			};
			name = Debug;
		};
		268047F81AF08E4D00271FA6 /* Release */ = {
			isa = XCBuildConfiguration;
			buildSettings = {
				ALWAYS_SEARCH_USER_PATHS = NO;
				CLANG_CXX_LANGUAGE_STANDARD = "gnu++0x";
				CLANG_CXX_LIBRARY = "libc++";
				CLANG_ENABLE_MODULES = YES;
				CLANG_ENABLE_OBJC_ARC = YES;
				CLANG_WARN_BOOL_CONVERSION = YES;
				CLANG_WARN_CONSTANT_CONVERSION = YES;
				CLANG_WARN_DIRECT_OBJC_ISA_USAGE = YES_ERROR;
				CLANG_WARN_EMPTY_BODY = YES;
				CLANG_WARN_ENUM_CONVERSION = YES;
				CLANG_WARN_INT_CONVERSION = YES;
				CLANG_WARN_OBJC_ROOT_CLASS = YES_ERROR;
				CLANG_WARN_UNREACHABLE_CODE = YES;
				CLANG_WARN__DUPLICATE_METHOD_MATCH = YES;
				"CODE_SIGN_IDENTITY[sdk=iphoneos*]" = "iPhone Developer";
				COPY_PHASE_STRIP = NO;
				DEBUG_INFORMATION_FORMAT = "dwarf-with-dsym";
				ENABLE_NS_ASSERTIONS = NO;
				ENABLE_STRICT_OBJC_MSGSEND = YES;
				GCC_C_LANGUAGE_STANDARD = gnu99;
				GCC_NO_COMMON_BLOCKS = YES;
				GCC_WARN_64_TO_32_BIT_CONVERSION = YES;
				GCC_WARN_ABOUT_RETURN_TYPE = YES_ERROR;
				GCC_WARN_UNDECLARED_SELECTOR = YES;
				GCC_WARN_UNINITIALIZED_AUTOS = YES_AGGRESSIVE;
				GCC_WARN_UNUSED_FUNCTION = YES;
				GCC_WARN_UNUSED_VARIABLE = YES;
				IPHONEOS_DEPLOYMENT_TARGET = 8.3;
				MTL_ENABLE_DEBUG_INFO = NO;
				SDKROOT = iphoneos;
				TARGETED_DEVICE_FAMILY = "1,2";
				VALIDATE_PRODUCT = YES;
			};
			name = Release;
		};
		268047FA1AF08E4D00271FA6 /* Debug */ = {
			isa = XCBuildConfiguration;
			buildSettings = {
				ASSETCATALOG_COMPILER_APPICON_NAME = AppIcon;
				INFOPLIST_FILE = Smashtag/Info.plist;
				LD_RUNPATH_SEARCH_PATHS = "$(inherited) @executable_path/Frameworks";
				PRODUCT_NAME = "$(TARGET_NAME)";
			};
			name = Debug;
		};
		268047FB1AF08E4D00271FA6 /* Release */ = {
			isa = XCBuildConfiguration;
			buildSettings = {
				ASSETCATALOG_COMPILER_APPICON_NAME = AppIcon;
				INFOPLIST_FILE = Smashtag/Info.plist;
				LD_RUNPATH_SEARCH_PATHS = "$(inherited) @executable_path/Frameworks";
				PRODUCT_NAME = "$(TARGET_NAME)";
			};
			name = Release;
		};
		268047FD1AF08E4D00271FA6 /* Debug */ = {
			isa = XCBuildConfiguration;
			buildSettings = {
				BUNDLE_LOADER = "$(TEST_HOST)";
				FRAMEWORK_SEARCH_PATHS = (
					"$(SDKROOT)/Developer/Library/Frameworks",
					"$(inherited)",
				);
				GCC_PREPROCESSOR_DEFINITIONS = (
					"DEBUG=1",
					"$(inherited)",
				);
				INFOPLIST_FILE = SmashtagTests/Info.plist;
				LD_RUNPATH_SEARCH_PATHS = "$(inherited) @executable_path/Frameworks @loader_path/Frameworks";
				PRODUCT_NAME = "$(TARGET_NAME)";
				TEST_HOST = "$(BUILT_PRODUCTS_DIR)/Smashtag.app/Smashtag";
			};
			name = Debug;
		};
		268047FE1AF08E4D00271FA6 /* Release */ = {
			isa = XCBuildConfiguration;
			buildSettings = {
				BUNDLE_LOADER = "$(TEST_HOST)";
				FRAMEWORK_SEARCH_PATHS = (
					"$(SDKROOT)/Developer/Library/Frameworks",
					"$(inherited)",
				);
				INFOPLIST_FILE = SmashtagTests/Info.plist;
				LD_RUNPATH_SEARCH_PATHS = "$(inherited) @executable_path/Frameworks @loader_path/Frameworks";
				PRODUCT_NAME = "$(TARGET_NAME)";
				TEST_HOST = "$(BUILT_PRODUCTS_DIR)/Smashtag.app/Smashtag";
			};
			name = Release;
		};
/* End XCBuildConfiguration section */

/* Begin XCConfigurationList section */
		268047D51AF08E4C00271FA6 /* Build configuration list for PBXProject "Smashtag" */ = {
			isa = XCConfigurationList;
			buildConfigurations = (
				268047F71AF08E4D00271FA6 /* Debug */,
				268047F81AF08E4D00271FA6 /* Release */,
			);
			defaultConfigurationIsVisible = 0;
			defaultConfigurationName = Release;
		};
		268047F91AF08E4D00271FA6 /* Build configuration list for PBXNativeTarget "Smashtag" */ = {
			isa = XCConfigurationList;
			buildConfigurations = (
				268047FA1AF08E4D00271FA6 /* Debug */,
				268047FB1AF08E4D00271FA6 /* Release */,
			);
			defaultConfigurationIsVisible = 0;
			defaultConfigurationName = Release;
		};
		268047FC1AF08E4D00271FA6 /* Build configuration list for PBXNativeTarget "SmashtagTests" */ = {
			isa = XCConfigurationList;
			buildConfigurations = (
				268047FD1AF08E4D00271FA6 /* Debug */,
				268047FE1AF08E4D00271FA6 /* Release */,
			);
			defaultConfigurationIsVisible = 0;
			defaultConfigurationName = Release;
		};
/* End XCConfigurationList section */
	};
	rootObject = 268047D21AF08E4C00271FA6 /* Project object */;
}
